
Microsoft Visual Studio Solution File, Format Version 12.00
# Visual Studio Version 16
VisualStudioVersion = 16.0.31424.327
MinimumVisualStudioVersion = 10.0.40219.1
Project("{9A19103F-16F7-4668-BE54-9A1E7A4F7556}") = "BcFinalMovieCatalogSvc", "src\BcFinalMovieCatalogSvc\BcFinalMovieCatalogSvc.csproj", "{0F3AF824-21A2-46A7-B3CD-FDA20DB99FBD}"
EndProject
Project("{E53339B2-1760-4266-BCC7-CA923CBCF16C}") = "docker-compose", "docker-compose.dcproj", "{DF2C2E12-11C0-43C3-AA4E-108BB716A0CC}"
EndProject
Global
	GlobalSection(SolutionConfigurationPlatforms) = preSolution
		Debug|Any CPU = Debug|Any CPU
		Release|Any CPU = Release|Any CPU
	EndGlobalSection
	GlobalSection(ProjectConfigurationPlatforms) = postSolution
		{0F3AF824-21A2-46A7-B3CD-FDA20DB99FBD}.Debug|Any CPU.ActiveCfg = Debug|Any CPU
		{0F3AF824-21A2-46A7-B3CD-FDA20DB99FBD}.Debug|Any CPU.Build.0 = Debug|Any CPU
		{0F3AF824-21A2-46A7-B3CD-FDA20DB99FBD}.Release|Any CPU.ActiveCfg = Release|Any CPU
		{0F3AF824-21A2-46A7-B3CD-FDA20DB99FBD}.Release|Any CPU.Build.0 = Release|Any CPU
		{DF2C2E12-11C0-43C3-AA4E-108BB716A0CC}.Debug|Any CPU.ActiveCfg = Debug|Any CPU
		{DF2C2E12-11C0-43C3-AA4E-108BB716A0CC}.Debug|Any CPU.Build.0 = Debug|Any CPU
		{DF2C2E12-11C0-43C3-AA4E-108BB716A0CC}.Release|Any CPU.ActiveCfg = Release|Any CPU
		{DF2C2E12-11C0-43C3-AA4E-108BB716A0CC}.Release|Any CPU.Build.0 = Release|Any CPU
	EndGlobalSection
	GlobalSection(SolutionProperties) = preSolution
		HideSolutionNode = FALSE
	EndGlobalSection
	GlobalSection(ExtensibilityGlobals) = postSolution
		SolutionGuid = {5362C843-648B-47C7-A83C-1B5580CE1346}
	EndGlobalSection
EndGlobal
